
Microsoft Visual Studio Solution File, Format Version 11.00
# Visual Studio 2010
Project("{FAE04EC0-301F-11D3-BF4B-00C04F79EFBC}") = "我要软考1", "我要软考\我要软考1.csproj", "{8828AB55-1F58-4CD0-8986-0DDBFDD26F3D}"
EndProject
Global
	GlobalSection(SolutionConfigurationPlatforms) = preSolution
		Debug|x86 = Debug|x86
		Release|x86 = Release|x86
	EndGlobalSection
	GlobalSection(ProjectConfigurationPlatforms) = postSolution
		{8828AB55-1F58-4CD0-8986-0DDBFDD26F3D}.Debug|x86.ActiveCfg = Debug|x86
		{8828AB55-1F58-4CD0-8986-0DDBFDD26F3D}.Debug|x86.Build.0 = Debug|x86
		{8828AB55-1F58-4CD0-8986-0DDBFDD26F3D}.Release|x86.ActiveCfg = Release|x86
		{8828AB55-1F58-4CD0-8986-0DDBFDD26F3D}.Release|x86.Build.0 = Release|x86
	EndGlobalSection
	GlobalSection(SolutionProperties) = preSolution
		HideSolutionNode = FALSE
	EndGlobalSection
EndGlobal
